
Microsoft Visual Studio Solution File, Format Version 12.00
# Visual Studio 14
VisualStudioVersion = 14.0.25420.1
MinimumVisualStudioVersion = 10.0.40219.1
Project("{FAE04EC0-301F-11D3-BF4B-00C04F79EFBC}") = "graphics-lab1-filters", "graphics-lab1-filters\graphics-lab1-filters.csproj", "{EB53EB5F-BD0D-466B-91C7-2BA350719AC0}"
EndProject
Global
	GlobalSection(SolutionConfigurationPlatforms) = preSolution
		Debug|Any CPU = Debug|Any CPU
		Release|Any CPU = Release|Any CPU
	EndGlobalSection
	GlobalSection(ProjectConfigurationPlatforms) = postSolution
		{EB53EB5F-BD0D-466B-91C7-2BA350719AC0}.Debug|Any CPU.ActiveCfg = Debug|Any CPU
		{EB53EB5F-BD0D-466B-91C7-2BA350719AC0}.Debug|Any CPU.Build.0 = Debug|Any CPU
		{EB53EB5F-BD0D-466B-91C7-2BA350719AC0}.Release|Any CPU.ActiveCfg = Release|Any CPU
		{EB53EB5F-BD0D-466B-91C7-2BA350719AC0}.Release|Any CPU.Build.0 = Release|Any CPU
	EndGlobalSection
	GlobalSection(SolutionProperties) = preSolution
		HideSolutionNode = FALSE
	EndGlobalSection
EndGlobal
